
Microsoft Visual Studio Solution File, Format Version 12.00
# Visual Studio Version 17
VisualStudioVersion = 17.0.31903.59
MinimumVisualStudioVersion = 10.0.40219.1
Project("{F2A71F9B-5D33-465A-A702-920D77279786}") = "App", "App\App.fsproj", "{D4866C9A-63F1-4FFE-93B8-BE97A814E41D}"
EndProject
Global
	GlobalSection(SolutionConfigurationPlatforms) = preSolution
		Debug|Any CPU = Debug|Any CPU
		Release|Any CPU = Release|Any CPU
	EndGlobalSection
	GlobalSection(SolutionProperties) = preSolution
		HideSolutionNode = FALSE
	EndGlobalSection
	GlobalSection(ProjectConfigurationPlatforms) = postSolution
		{D4866C9A-63F1-4FFE-93B8-BE97A814E41D}.Debug|Any CPU.ActiveCfg = Debug|Any CPU
		{D4866C9A-63F1-4FFE-93B8-BE97A814E41D}.Debug|Any CPU.Build.0 = Debug|Any CPU
		{D4866C9A-63F1-4FFE-93B8-BE97A814E41D}.Release|Any CPU.ActiveCfg = Release|Any CPU
		{D4866C9A-63F1-4FFE-93B8-BE97A814E41D}.Release|Any CPU.Build.0 = Release|Any CPU
	EndGlobalSection
EndGlobal
